
Microsoft Visual Studio Solution File, Format Version 12.00
# Visual Studio Version 17
VisualStudioVersion = 17.6.33815.320
MinimumVisualStudioVersion = 10.0.40219.1
Project("{9A19103F-16F7-4668-BE54-9A1E7A4F7556}") = "Load", "Load\Load.csproj", "{9EF47A32-0770-445A-96DD-F2A6F5EC63F5}"
EndProject
Project("{9A19103F-16F7-4668-BE54-9A1E7A4F7556}") = "Gateway", "Gateway\Gateway.csproj", "{714B189E-720C-491A-9B6F-04CF96D0B120}"
EndProject
Project("{9A19103F-16F7-4668-BE54-9A1E7A4F7556}") = "PaymentsService", "PaymentsService\PaymentsService.csproj", "{D01D6C73-6968-4E75-A732-4CF6CA35C9DD}"
EndProject
Project("{9A19103F-16F7-4668-BE54-9A1E7A4F7556}") = "StorageService", "StorageService\StorageService.csproj", "{8B1160DC-5830-40BF-B974-78CE2D91ECC9}"
EndProject
Project("{9A19103F-16F7-4668-BE54-9A1E7A4F7556}") = "AuthenticationService", "AuthenticationService\AuthenticationService.csproj", "{3B665D50-6885-41C8-BCD7-780DAD4FCF7C}"
EndProject
Project("{9A19103F-16F7-4668-BE54-9A1E7A4F7556}") = "DeliveriesService", "DeliveriesService\DeliveriesService.csproj", "{2B6286B0-9C1C-4885-AA01-D67130775DC0}"
EndProject
Project("{9A19103F-16F7-4668-BE54-9A1E7A4F7556}") = "UsersService", "UsersService\UsersService.csproj", "{91DE757F-3AB1-45EB-BD87-95917DD76F4C}"
EndProject
Project("{9A19103F-16F7-4668-BE54-9A1E7A4F7556}") = "BillingService", "BillingService\BillingService.csproj", "{1A8DD63E-FC96-4E99-884D-AA9D8ABCA21F}"
EndProject
Project("{9A19103F-16F7-4668-BE54-9A1E7A4F7556}") = "OrdersService", "OrdersService\OrdersService.csproj", "{88E0766B-8F27-439E-8A0F-B610C93C7050}"
EndProject
Project("{9A19103F-16F7-4668-BE54-9A1E7A4F7556}") = "NotificationService", "NotificationService\NotificationService.csproj", "{37EE346C-120F-4E6B-9A76-72563B8E7E23}"
EndProject
Global
	GlobalSection(SolutionConfigurationPlatforms) = preSolution
		Debug|Any CPU = Debug|Any CPU
		Release|Any CPU = Release|Any CPU
	EndGlobalSection
	GlobalSection(ProjectConfigurationPlatforms) = postSolution
		{9EF47A32-0770-445A-96DD-F2A6F5EC63F5}.Debug|Any CPU.ActiveCfg = Debug|Any CPU
		{9EF47A32-0770-445A-96DD-F2A6F5EC63F5}.Debug|Any CPU.Build.0 = Debug|Any CPU
		{9EF47A32-0770-445A-96DD-F2A6F5EC63F5}.Release|Any CPU.ActiveCfg = Release|Any CPU
		{9EF47A32-0770-445A-96DD-F2A6F5EC63F5}.Release|Any CPU.Build.0 = Release|Any CPU
		{714B189E-720C-491A-9B6F-04CF96D0B120}.Debug|Any CPU.ActiveCfg = Debug|Any CPU
		{714B189E-720C-491A-9B6F-04CF96D0B120}.Debug|Any CPU.Build.0 = Debug|Any CPU
		{714B189E-720C-491A-9B6F-04CF96D0B120}.Release|Any CPU.ActiveCfg = Release|Any CPU
		{714B189E-720C-491A-9B6F-04CF96D0B120}.Release|Any CPU.Build.0 = Release|Any CPU
		{D01D6C73-6968-4E75-A732-4CF6CA35C9DD}.Debug|Any CPU.ActiveCfg = Debug|Any CPU
		{D01D6C73-6968-4E75-A732-4CF6CA35C9DD}.Debug|Any CPU.Build.0 = Debug|Any CPU
		{D01D6C73-6968-4E75-A732-4CF6CA35C9DD}.Release|Any CPU.ActiveCfg = Release|Any CPU
		{D01D6C73-6968-4E75-A732-4CF6CA35C9DD}.Release|Any CPU.Build.0 = Release|Any CPU
		{8B1160DC-5830-40BF-B974-78CE2D91ECC9}.Debug|Any CPU.ActiveCfg = Debug|Any CPU
		{8B1160DC-5830-40BF-B974-78CE2D91ECC9}.Debug|Any CPU.Build.0 = Debug|Any CPU
		{8B1160DC-5830-40BF-B974-78CE2D91ECC9}.Release|Any CPU.ActiveCfg = Release|Any CPU
		{8B1160DC-5830-40BF-B974-78CE2D91ECC9}.Release|Any CPU.Build.0 = Release|Any CPU
		{3B665D50-6885-41C8-BCD7-780DAD4FCF7C}.Debug|Any CPU.ActiveCfg = Debug|Any CPU
		{3B665D50-6885-41C8-BCD7-780DAD4FCF7C}.Debug|Any CPU.Build.0 = Debug|Any CPU
		{3B665D50-6885-41C8-BCD7-780DAD4FCF7C}.Release|Any CPU.ActiveCfg = Release|Any CPU
		{3B665D50-6885-41C8-BCD7-780DAD4FCF7C}.Release|Any CPU.Build.0 = Release|Any CPU
		{2B6286B0-9C1C-4885-AA01-D67130775DC0}.Debug|Any CPU.ActiveCfg = Debug|Any CPU
		{2B6286B0-9C1C-4885-AA01-D67130775DC0}.Debug|Any CPU.Build.0 = Debug|Any CPU
		{2B6286B0-9C1C-4885-AA01-D67130775DC0}.Release|Any CPU.ActiveCfg = Release|Any CPU
		{2B6286B0-9C1C-4885-AA01-D67130775DC0}.Release|Any CPU.Build.0 = Release|Any CPU
		{91DE757F-3AB1-45EB-BD87-95917DD76F4C}.Debug|Any CPU.ActiveCfg = Debug|Any CPU
		{91DE757F-3AB1-45EB-BD87-95917DD76F4C}.Debug|Any CPU.Build.0 = Debug|Any CPU
		{91DE757F-3AB1-45EB-BD87-95917DD76F4C}.Release|Any CPU.ActiveCfg = Release|Any CPU
		{91DE757F-3AB1-45EB-BD87-95917DD76F4C}.Release|Any CPU.Build.0 = Release|Any CPU
		{1A8DD63E-FC96-4E99-884D-AA9D8ABCA21F}.Debug|Any CPU.ActiveCfg = Debug|Any CPU
		{1A8DD63E-FC96-4E99-884D-AA9D8ABCA21F}.Debug|Any CPU.Build.0 = Debug|Any CPU
		{1A8DD63E-FC96-4E99-884D-AA9D8ABCA21F}.Release|Any CPU.ActiveCfg = Release|Any CPU
		{1A8DD63E-FC96-4E99-884D-AA9D8ABCA21F}.Release|Any CPU.Build.0 = Release|Any CPU
		{88E0766B-8F27-439E-8A0F-B610C93C7050}.Debug|Any CPU.ActiveCfg = Debug|Any CPU
		{88E0766B-8F27-439E-8A0F-B610C93C7050}.Debug|Any CPU.Build.0 = Debug|Any CPU
		{88E0766B-8F27-439E-8A0F-B610C93C7050}.Release|Any CPU.ActiveCfg = Release|Any CPU
		{88E0766B-8F27-439E-8A0F-B610C93C7050}.Release|Any CPU.Build.0 = Release|Any CPU
		{37EE346C-120F-4E6B-9A76-72563B8E7E23}.Debug|Any CPU.ActiveCfg = Debug|Any CPU
		{37EE346C-120F-4E6B-9A76-72563B8E7E23}.Debug|Any CPU.Build.0 = Debug|Any CPU
		{37EE346C-120F-4E6B-9A76-72563B8E7E23}.Release|Any CPU.ActiveCfg = Release|Any CPU
		{37EE346C-120F-4E6B-9A76-72563B8E7E23}.Release|Any CPU.Build.0 = Release|Any CPU
	EndGlobalSection
	GlobalSection(SolutionProperties) = preSolution
		HideSolutionNode = FALSE
	EndGlobalSection
	GlobalSection(ExtensibilityGlobals) = postSolution
		SolutionGuid = {544A06EE-328B-423A-AA2F-E695762582FF}
	EndGlobalSection
EndGlobal
